// !$*UTF8*$!
{
	archiveVersion = 1;
	classes = {
	};
	objectVersion = 46;
	objects = {

/* Begin PBXBuildFile section */
		21F13A851E97921C00CBBB94 /* AppDelegate.swift in Sources */ = {isa = PBXBuildFile; fileRef = 21F13A841E97921C00CBBB94 /* AppDelegate.swift */; };
		21F13A871E97921C00CBBB94 /* ViewController.swift in Sources */ = {isa = PBXBuildFile; fileRef = 21F13A861E97921C00CBBB94 /* ViewController.swift */; };
		21F13A8A1E97921C00CBBB94 /* Main.storyboard in Resources */ = {isa = PBXBuildFile; fileRef = 21F13A881E97921C00CBBB94 /* Main.storyboard */; };
		21F13A8C1E97921C00CBBB94 /* Assets.xcassets in Resources */ = {isa = PBXBuildFile; fileRef = 21F13A8B1E97921C00CBBB94 /* Assets.xcassets */; };
		21F13A8F1E97921C00CBBB94 /* LaunchScreen.storyboard in Resources */ = {isa = PBXBuildFile; fileRef = 21F13A8D1E97921C00CBBB94 /* LaunchScreen.storyboard */; };
		21F13A9A1E97921C00CBBB94 /* DesidimeAppTests.swift in Sources */ = {isa = PBXBuildFile; fileRef = 21F13A991E97921C00CBBB94 /* DesidimeAppTests.swift */; };
		21F13AA51E97921C00CBBB94 /* DesidimeAppUITests.swift in Sources */ = {isa = PBXBuildFile; fileRef = 21F13AA41E97921C00CBBB94 /* DesidimeAppUITests.swift */; };
/* End PBXBuildFile section */

/* Begin PBXContainerItemProxy section */
		21F13A961E97921C00CBBB94 /* PBXContainerItemProxy */ = {
			isa = PBXContainerItemProxy;
			containerPortal = 21F13A791E97921C00CBBB94 /* Project object */;
			proxyType = 1;
			remoteGlobalIDString = 21F13A801E97921C00CBBB94;
			remoteInfo = DesidimeApp;
		};
		21F13AA11E97921C00CBBB94 /* PBXContainerItemProxy */ = {
			isa = PBXContainerItemProxy;
			containerPortal = 21F13A791E97921C00CBBB94 /* Project object */;
			proxyType = 1;
			remoteGlobalIDString = 21F13A801E97921C00CBBB94;
			remoteInfo = DesidimeApp;
		};
/* End PBXContainerItemProxy section */

/* Begin PBXFileReference section */
		21F13A811E97921C00CBBB94 /* DesidimeApp.app */ = {isa = PBXFileReference; explicitFileType = wrapper.application; includeInIndex = 0; path = DesidimeApp.app; sourceTree = BUILT_PRODUCTS_DIR; };
		21F13A841E97921C00CBBB94 /* AppDelegate.swift */ = {isa = PBXFileReference; lastKnownFileType = sourcecode.swift; path = AppDelegate.swift; sourceTree = "<group>"; };
		21F13A861E97921C00CBBB94 /* ViewController.swift */ = {isa = PBXFileReference; lastKnownFileType = sourcecode.swift; path = ViewController.swift; sourceTree = "<group>"; };
		21F13A891E97921C00CBBB94 /* Base */ = {isa = PBXFileReference; lastKnownFileType = file.storyboard; name = Base; path = Base.lproj/Main.storyboard; sourceTree = "<group>"; };
		21F13A8B1E97921C00CBBB94 /* Assets.xcassets */ = {isa = PBXFileReference; lastKnownFileType = folder.assetcatalog; path = Assets.xcassets; sourceTree = "<group>"; };
		21F13A8E1E97921C00CBBB94 /* Base */ = {isa = PBXFileReference; lastKnownFileType = file.storyboard; name = Base; path = Base.lproj/LaunchScreen.storyboard; sourceTree = "<group>"; };
		21F13A901E97921C00CBBB94 /* Info.plist */ = {isa = PBXFileReference; lastKnownFileType = text.plist.xml; path = Info.plist; sourceTree = "<group>"; };
		21F13A951E97921C00CBBB94 /* DesidimeAppTests.xctest */ = {isa = PBXFileReference; explicitFileType = wrapper.cfbundle; includeInIndex = 0; path = DesidimeAppTests.xctest; sourceTree = BUILT_PRODUCTS_DIR; };
		21F13A991E97921C00CBBB94 /* DesidimeAppTests.swift */ = {isa = PBXFileReference; lastKnownFileType = sourcecode.swift; path = DesidimeAppTests.swift; sourceTree = "<group>"; };
		21F13A9B1E97921C00CBBB94 /* Info.plist */ = {isa = PBXFileReference; lastKnownFileType = text.plist.xml; path = Info.plist; sourceTree = "<group>"; };
		21F13AA01E97921C00CBBB94 /* DesidimeAppUITests.xctest */ = {isa = PBXFileReference; explicitFileType = wrapper.cfbundle; includeInIndex = 0; path = DesidimeAppUITests.xctest; sourceTree = BUILT_PRODUCTS_DIR; };
		21F13AA41E97921C00CBBB94 /* DesidimeAppUITests.swift */ = {isa = PBXFileReference; lastKnownFileType = sourcecode.swift; path = DesidimeAppUITests.swift; sourceTree = "<group>"; };
		21F13AA61E97921C00CBBB94 /* Info.plist */ = {isa = PBXFileReference; lastKnownFileType = text.plist.xml; path = Info.plist; sourceTree = "<group>"; };
/* End PBXFileReference section */

/* Begin PBXFrameworksBuildPhase section */
		21F13A7E1E97921C00CBBB94 /* Frameworks */ = {
			isa = PBXFrameworksBuildPhase;
			buildActionMask = 2147483647;
			files = (
			);
			runOnlyForDeploymentPostprocessing = 0;
		};
		21F13A921E97921C00CBBB94 /* Frameworks */ = {
			isa = PBXFrameworksBuildPhase;
			buildActionMask = 2147483647;
			files = (
			);
			runOnlyForDeploymentPostprocessing = 0;
		};
		21F13A9D1E97921C00CBBB94 /* Frameworks */ = {
			isa = PBXFrameworksBuildPhase;
			buildActionMask = 2147483647;
			files = (
			);
			runOnlyForDeploymentPostprocessing = 0;
		};
/* End PBXFrameworksBuildPhase section */

/* Begin PBXGroup section */
		21F13A781E97921C00CBBB94 = {
			isa = PBXGroup;
			children = (
				21F13A831E97921C00CBBB94 /* DesidimeApp */,
				21F13A981E97921C00CBBB94 /* DesidimeAppTests */,
				21F13AA31E97921C00CBBB94 /* DesidimeAppUITests */,
				21F13A821E97921C00CBBB94 /* Products */,
			);
			sourceTree = "<group>";
		};
		21F13A821E97921C00CBBB94 /* Products */ = {
			isa = PBXGroup;
			children = (
				21F13A811E97921C00CBBB94 /* DesidimeApp.app */,
				21F13A951E97921C00CBBB94 /* DesidimeAppTests.xctest */,
				21F13AA01E97921C00CBBB94 /* DesidimeAppUITests.xctest */,
			);
			name = Products;
			sourceTree = "<group>";
		};
		21F13A831E97921C00CBBB94 /* DesidimeApp */ = {
			isa = PBXGroup;
			children = (
				21F13A841E97921C00CBBB94 /* AppDelegate.swift */,
				21F13A861E97921C00CBBB94 /* ViewController.swift */,
				21F13A881E97921C00CBBB94 /* Main.storyboard */,
				21F13A8B1E97921C00CBBB94 /* Assets.xcassets */,
				21F13A8D1E97921C00CBBB94 /* LaunchScreen.storyboard */,
				21F13A901E97921C00CBBB94 /* Info.plist */,
			);
			path = DesidimeApp;
			sourceTree = "<group>";
		};
		21F13A981E97921C00CBBB94 /* DesidimeAppTests */ = {
			isa = PBXGroup;
			children = (
				21F13A991E97921C00CBBB94 /* DesidimeAppTests.swift */,
				21F13A9B1E97921C00CBBB94 /* Info.plist */,
			);
			path = DesidimeAppTests;
			sourceTree = "<group>";
		};
		21F13AA31E97921C00CBBB94 /* DesidimeAppUITests */ = {
			isa = PBXGroup;
			children = (
				21F13AA41E97921C00CBBB94 /* DesidimeAppUITests.swift */,
				21F13AA61E97921C00CBBB94 /* Info.plist */,
			);
			path = DesidimeAppUITests;
			sourceTree = "<group>";
		};
/* End PBXGroup section */

/* Begin PBXNativeTarget section */
		21F13A801E97921C00CBBB94 /* DesidimeApp */ = {
			isa = PBXNativeTarget;
			buildConfigurationList = 21F13AA91E97921C00CBBB94 /* Build configuration list for PBXNativeTarget "DesidimeApp" */;
			buildPhases = (
				21F13A7D1E97921C00CBBB94 /* Sources */,
				21F13A7E1E97921C00CBBB94 /* Frameworks */,
				21F13A7F1E97921C00CBBB94 /* Resources */,
			);
			buildRules = (
			);
			dependencies = (
			);
			name = DesidimeApp;
			productName = DesidimeApp;
			productReference = 21F13A811E97921C00CBBB94 /* DesidimeApp.app */;
			productType = "com.apple.product-type.application";
		};
		21F13A941E97921C00CBBB94 /* DesidimeAppTests */ = {
			isa = PBXNativeTarget;
			buildConfigurationList = 21F13AAC1E97921C00CBBB94 /* Build configuration list for PBXNativeTarget "DesidimeAppTests" */;
			buildPhases = (
				21F13A911E97921C00CBBB94 /* Sources */,
				21F13A921E97921C00CBBB94 /* Frameworks */,
				21F13A931E97921C00CBBB94 /* Resources */,
			);
			buildRules = (
			);
			dependencies = (
				21F13A971E97921C00CBBB94 /* PBXTargetDependency */,
			);
			name = DesidimeAppTests;
			productName = DesidimeAppTests;
			productReference = 21F13A951E97921C00CBBB94 /* DesidimeAppTests.xctest */;
			productType = "com.apple.product-type.bundle.unit-test";
		};
		21F13A9F1E97921C00CBBB94 /* DesidimeAppUITests */ = {
			isa = PBXNativeTarget;
			buildConfigurationList = 21F13AAF1E97921C00CBBB94 /* Build configuration list for PBXNativeTarget "DesidimeAppUITests" */;
			buildPhases = (
				21F13A9C1E97921C00CBBB94 /* Sources */,
				21F13A9D1E97921C00CBBB94 /* Frameworks */,
				21F13A9E1E97921C00CBBB94 /* Resources */,
			);
			buildRules = (
			);
			dependencies = (
				21F13AA21E97921C00CBBB94 /* PBXTargetDependency */,
			);
			name = DesidimeAppUITests;
			productName = DesidimeAppUITests;
			productReference = 21F13AA01E97921C00CBBB94 /* DesidimeAppUITests.xctest */;
			productType = "com.apple.product-type.bundle.ui-testing";
		};
/* End PBXNativeTarget section */

/* Begin PBXProject section */
		21F13A791E97921C00CBBB94 /* Project object */ = {
			isa = PBXProject;
			attributes = {
				LastSwiftUpdateCheck = 0830;
				LastUpgradeCheck = 0830;
				ORGANIZATIONNAME = "PCPL 41";
				TargetAttributes = {
					21F13A801E97921C00CBBB94 = {
						CreatedOnToolsVersion = 8.3;
						DevelopmentTeam = BQQ26Y4DMX;
						ProvisioningStyle = Automatic;
					};
					21F13A941E97921C00CBBB94 = {
						CreatedOnToolsVersion = 8.3;
						DevelopmentTeam = BQQ26Y4DMX;
						ProvisioningStyle = Automatic;
						TestTargetID = 21F13A801E97921C00CBBB94;
					};
					21F13A9F1E97921C00CBBB94 = {
						CreatedOnToolsVersion = 8.3;
						DevelopmentTeam = BQQ26Y4DMX;
						ProvisioningStyle = Automatic;
						TestTargetID = 21F13A801E97921C00CBBB94;
					};
				};
			};
			buildConfigurationList = 21F13A7C1E97921C00CBBB94 /* Build configuration list for PBXProject "DesidimeApp" */;
			compatibilityVersion = "Xcode 3.2";
			developmentRegion = English;
			hasScannedForEncodings = 0;
			knownRegions = (
				en,
				Base,
			);
			mainGroup = 21F13A781E97921C00CBBB94;
			productRefGroup = 21F13A821E97921C00CBBB94 /* Products */;
			projectDirPath = "";
			projectRoot = "";
			targets = (
				21F13A801E97921C00CBBB94 /* DesidimeApp */,
				21F13A941E97921C00CBBB94 /* DesidimeAppTests */,
				21F13A9F1E97921C00CBBB94 /* DesidimeAppUITests */,
			);
		};
/* End PBXProject section */

/* Begin PBXResourcesBuildPhase section */
		21F13A7F1E97921C00CBBB94 /* Resources */ = {
			isa = PBXResourcesBuildPhase;
			buildActionMask = 2147483647;
			files = (
				21F13A8F1E97921C00CBBB94 /* LaunchScreen.storyboard in Resources */,
				21F13A8C1E97921C00CBBB94 /* Assets.xcassets in Resources */,
				21F13A8A1E97921C00CBBB94 /* Main.storyboard in Resources */,
			);
			runOnlyForDeploymentPostprocessing = 0;
		};
		21F13A931E97921C00CBBB94 /* Resources */ = {
			isa = PBXResourcesBuildPhase;
			buildActionMask = 2147483647;
			files = (
			);
			runOnlyForDeploymentPostprocessing = 0;
		};
		21F13A9E1E97921C00CBBB94 /* Resources */ = {
			isa = PBXResourcesBuildPhase;
			buildActionMask = 2147483647;
			files = (
			);
			runOnlyForDeploymentPostprocessing = 0;
		};
/* End PBXResourcesBuildPhase section */

/* Begin PBXSourcesBuildPhase section */
		21F13A7D1E97921C00CBBB94 /* Sources */ = {
			isa = PBXSourcesBuildPhase;
			buildActionMask = 2147483647;
			files = (
				21F13A871E97921C00CBBB94 /* ViewController.swift in Sources */,
				21F13A851E97921C00CBBB94 /* AppDelegate.swift in Sources */,
			);
			runOnlyForDeploymentPostprocessing = 0;
		};
		21F13A911E97921C00CBBB94 /* Sources */ = {
			isa = PBXSourcesBuildPhase;
			buildActionMask = 2147483647;
			files = (
				21F13A9A1E97921C00CBBB94 /* DesidimeAppTests.swift in Sources */,
			);
			runOnlyForDeploymentPostprocessing = 0;
		};
		21F13A9C1E97921C00CBBB94 /* Sources */ = {
			isa = PBXSourcesBuildPhase;
			buildActionMask = 2147483647;
			files = (
				21F13AA51E97921C00CBBB94 /* DesidimeAppUITests.swift in Sources */,
			);
			runOnlyForDeploymentPostprocessing = 0;
		};
/* End PBXSourcesBuildPhase section */

/* Begin PBXTargetDependency section */
		21F13A971E97921C00CBBB94 /* PBXTargetDependency */ = {
			isa = PBXTargetDependency;
			target = 21F13A801E97921C00CBBB94 /* DesidimeApp */;
			targetProxy = 21F13A961E97921C00CBBB94 /* PBXContainerItemProxy */;
		};
		21F13AA21E97921C00CBBB94 /* PBXTargetDependency */ = {
			isa = PBXTargetDependency;
			target = 21F13A801E97921C00CBBB94 /* DesidimeApp */;
			targetProxy = 21F13AA11E97921C00CBBB94 /* PBXContainerItemProxy */;
		};
/* End PBXTargetDependency section */

/* Begin PBXVariantGroup section */
		21F13A881E97921C00CBBB94 /* Main.storyboard */ = {
			isa = PBXVariantGroup;
			children = (
				21F13A891E97921C00CBBB94 /* Base */,
			);
			name = Main.storyboard;
			sourceTree = "<group>";
		};
		21F13A8D1E97921C00CBBB94 /* LaunchScreen.storyboard */ = {
			isa = PBXVariantGroup;
			children = (
				21F13A8E1E97921C00CBBB94 /* Base */,
			);
			name = LaunchScreen.storyboard;
			sourceTree = "<group>";
		};
/* End PBXVariantGroup section */

/* Begin XCBuildConfiguration section */
		21F13AA71E97921C00CBBB94 /* Debug */ = {
			isa = XCBuildConfiguration;
			buildSettings = {
				ALWAYS_SEARCH_USER_PATHS = NO;
				CLANG_ANALYZER_NONNULL = YES;
				CLANG_ANALYZER_NUMBER_OBJECT_CONVERSION = YES_AGGRESSIVE;
				CLANG_CXX_LANGUAGE_STANDARD = "gnu++0x";
				CLANG_CXX_LIBRARY = "libc++";
				CLANG_ENABLE_MODULES = YES;
				CLANG_ENABLE_OBJC_ARC = YES;
				CLANG_WARN_BOOL_CONVERSION = YES;
				CLANG_WARN_CONSTANT_CONVERSION = YES;
				CLANG_WARN_DIRECT_OBJC_ISA_USAGE = YES_ERROR;
				CLANG_WARN_DOCUMENTATION_COMMENTS = YES;
				CLANG_WARN_EMPTY_BODY = YES;
				CLANG_WARN_ENUM_CONVERSION = YES;
				CLANG_WARN_INFINITE_RECURSION = YES;
				CLANG_WARN_INT_CONVERSION = YES;
				CLANG_WARN_OBJC_ROOT_CLASS = YES_ERROR;
				CLANG_WARN_SUSPICIOUS_MOVE = YES;
				CLANG_WARN_UNREACHABLE_CODE = YES;
				CLANG_WARN__DUPLICATE_METHOD_MATCH = YES;
				"CODE_SIGN_IDENTITY[sdk=iphoneos*]" = "iPhone Developer";
				COPY_PHASE_STRIP = NO;
				DEBUG_INFORMATION_FORMAT = dwarf;
				ENABLE_STRICT_OBJC_MSGSEND = YES;
				ENABLE_TESTABILITY = YES;
				GCC_C_LANGUAGE_STANDARD = gnu99;
				GCC_DYNAMIC_NO_PIC = NO;
				GCC_NO_COMMON_BLOCKS = YES;
				GCC_OPTIMIZATION_LEVEL = 0;
				GCC_PREPROCESSOR_DEFINITIONS = (
					"DEBUG=1",
					"$(inherited)",
				);
				GCC_WARN_64_TO_32_BIT_CONVERSION = YES;
				GCC_WARN_ABOUT_RETURN_TYPE = YES_ERROR;
				GCC_WARN_UNDECLARED_SELECTOR = YES;
				GCC_WARN_UNINITIALIZED_AUTOS = YES_AGGRESSIVE;
				GCC_WARN_UNUSED_FUNCTION = YES;
				GCC_WARN_UNUSED_VARIABLE = YES;
				IPHONEOS_DEPLOYMENT_TARGET = 10.3;
				MTL_ENABLE_DEBUG_INFO = YES;
				ONLY_ACTIVE_ARCH = YES;
				SDKROOT = iphoneos;
				SWIFT_ACTIVE_COMPILATION_CONDITIONS = DEBUG;
				SWIFT_OPTIMIZATION_LEVEL = "-Onone";
				TARGETED_DEVICE_FAMILY = "1,2";
			};
			name = Debug;
		};
		21F13AA81E97921C00CBBB94 /* Release */ = {
			isa = XCBuildConfiguration;
			buildSettings = {
				ALWAYS_SEARCH_USER_PATHS = NO;
				CLANG_ANALYZER_NONNULL = YES;
				CLANG_ANALYZER_NUMBER_OBJECT_CONVERSION = YES_AGGRESSIVE;
				CLANG_CXX_LANGUAGE_STANDARD = "gnu++0x";
				CLANG_CXX_LIBRARY = "libc++";
				CLANG_ENABLE_MODULES = YES;
				CLANG_ENABLE_OBJC_ARC = YES;
				CLANG_WARN_BOOL_CONVERSION = YES;
				CLANG_WARN_CONSTANT_CONVERSION = YES;
				CLANG_WARN_DIRECT_OBJC_ISA_USAGE = YES_ERROR;
				CLANG_WARN_DOCUMENTATION_COMMENTS = YES;
				CLANG_WARN_EMPTY_BODY = YES;
				CLANG_WARN_ENUM_CONVERSION = YES;
				CLANG_WARN_INFINITE_RECURSION = YES;
				CLANG_WARN_INT_CONVERSION = YES;
				CLANG_WARN_OBJC_ROOT_CLASS = YES_ERROR;
				CLANG_WARN_SUSPICIOUS_MOVE = YES;
				CLANG_WARN_UNREACHABLE_CODE = YES;
				CLANG_WARN__DUPLICATE_METHOD_MATCH = YES;
				"CODE_SIGN_IDENTITY[sdk=iphoneos*]" = "iPhone Developer";
				COPY_PHASE_STRIP = NO;
				DEBUG_INFORMATION_FORMAT = "dwarf-with-dsym";
				ENABLE_NS_ASSERTIONS = NO;
				ENABLE_STRICT_OBJC_MSGSEND = YES;
				GCC_C_LANGUAGE_STANDARD = gnu99;
				GCC_NO_COMMON_BLOCKS = YES;
				GCC_WARN_64_TO_32_BIT_CONVERSION = YES;
				GCC_WARN_ABOUT_RETURN_TYPE = YES_ERROR;
				GCC_WARN_UNDECLARED_SELECTOR = YES;
				GCC_WARN_UNINITIALIZED_AUTOS = YES_AGGRESSIVE;
				GCC_WARN_UNUSED_FUNCTION = YES;
				GCC_WARN_UNUSED_VARIABLE = YES;
				IPHONEOS_DEPLOYMENT_TARGET = 10.3;
				MTL_ENABLE_DEBUG_INFO = NO;
				SDKROOT = iphoneos;
				SWIFT_OPTIMIZATION_LEVEL = "-Owholemodule";
				TARGETED_DEVICE_FAMILY = "1,2";
				VALIDATE_PRODUCT = YES;
			};
			name = Release;
		};
		21F13AAA1E97921C00CBBB94 /* Debug */ = {
			isa = XCBuildConfiguration;
			buildSettings = {
				ASSETCATALOG_COMPILER_APPICON_NAME = AppIcon;
				DEVELOPMENT_TEAM = BQQ26Y4DMX;
				INFOPLIST_FILE = DesidimeApp/Info.plist;
				LD_RUNPATH_SEARCH_PATHS = "$(inherited) @executable_path/Frameworks";
				PRODUCT_BUNDLE_IDENTIFIER = DD.DesidimeApp;
				PRODUCT_NAME = "$(TARGET_NAME)";
				SWIFT_VERSION = 3.0;
			};
			name = Debug;
		};
		21F13AAB1E97921C00CBBB94 /* Release */ = {
			isa = XCBuildConfiguration;
			buildSettings = {
				ASSETCATALOG_COMPILER_APPICON_NAME = AppIcon;
				DEVELOPMENT_TEAM = BQQ26Y4DMX;
				INFOPLIST_FILE = DesidimeApp/Info.plist;
				LD_RUNPATH_SEARCH_PATHS = "$(inherited) @executable_path/Frameworks";
				PRODUCT_BUNDLE_IDENTIFIER = DD.DesidimeApp;
				PRODUCT_NAME = "$(TARGET_NAME)";
				SWIFT_VERSION = 3.0;
			};
			name = Release;
		};
		21F13AAD1E97921C00CBBB94 /* Debug */ = {
			isa = XCBuildConfiguration;
			buildSettings = {
				ALWAYS_EMBED_SWIFT_STANDARD_LIBRARIES = YES;
				BUNDLE_LOADER = "$(TEST_HOST)";
				DEVELOPMENT_TEAM = BQQ26Y4DMX;
				INFOPLIST_FILE = DesidimeAppTests/Info.plist;
				LD_RUNPATH_SEARCH_PATHS = "$(inherited) @executable_path/Frameworks @loader_path/Frameworks";
				PRODUCT_BUNDLE_IDENTIFIER = DD.DesidimeAppTests;
				PRODUCT_NAME = "$(TARGET_NAME)";
				SWIFT_VERSION = 3.0;
				TEST_HOST = "$(BUILT_PRODUCTS_DIR)/DesidimeApp.app/DesidimeApp";
			};
			name = Debug;
		};
		21F13AAE1E97921C00CBBB94 /* Release */ = {
			isa = XCBuildConfiguration;
			buildSettings = {
				ALWAYS_EMBED_SWIFT_STANDARD_LIBRARIES = YES;
				BUNDLE_LOADER = "$(TEST_HOST)";
				DEVELOPMENT_TEAM = BQQ26Y4DMX;
				INFOPLIST_FILE = DesidimeAppTests/Info.plist;
				LD_RUNPATH_SEARCH_PATHS = "$(inherited) @executable_path/Frameworks @loader_path/Frameworks";
				PRODUCT_BUNDLE_IDENTIFIER = DD.DesidimeAppTests;
				PRODUCT_NAME = "$(TARGET_NAME)";
				SWIFT_VERSION = 3.0;
				TEST_HOST = "$(BUILT_PRODUCTS_DIR)/DesidimeApp.app/DesidimeApp";
			};
			name = Release;
		};
		21F13AB01E97921C00CBBB94 /* Debug */ = {
			isa = XCBuildConfiguration;
			buildSettings = {
				ALWAYS_EMBED_SWIFT_STANDARD_LIBRARIES = YES;
				DEVELOPMENT_TEAM = BQQ26Y4DMX;
				INFOPLIST_FILE = DesidimeAppUITests/Info.plist;
				LD_RUNPATH_SEARCH_PATHS = "$(inherited) @executable_path/Frameworks @loader_path/Frameworks";
				PRODUCT_BUNDLE_IDENTIFIER = DD.DesidimeAppUITests;
				PRODUCT_NAME = "$(TARGET_NAME)";
				SWIFT_VERSION = 3.0;
				TEST_TARGET_NAME = DesidimeApp;
			};
			name = Debug;
		};
		21F13AB11E97921C00CBBB94 /* Release */ = {
			isa = XCBuildConfiguration;
			buildSettings = {
				ALWAYS_EMBED_SWIFT_STANDARD_LIBRARIES = YES;
				DEVELOPMENT_TEAM = BQQ26Y4DMX;
				INFOPLIST_FILE = DesidimeAppUITests/Info.plist;
				LD_RUNPATH_SEARCH_PATHS = "$(inherited) @executable_path/Frameworks @loader_path/Frameworks";
				PRODUCT_BUNDLE_IDENTIFIER = DD.DesidimeAppUITests;
				PRODUCT_NAME = "$(TARGET_NAME)";
				SWIFT_VERSION = 3.0;
				TEST_TARGET_NAME = DesidimeApp;
			};
			name = Release;
		};
/* End XCBuildConfiguration section */

/* Begin XCConfigurationList section */
		21F13A7C1E97921C00CBBB94 /* Build configuration list for PBXProject "DesidimeApp" */ = {
			isa = XCConfigurationList;
			buildConfigurations = (
				21F13AA71E97921C00CBBB94 /* Debug */,
				21F13AA81E97921C00CBBB94 /* Release */,
			);
			defaultConfigurationIsVisible = 0;
			defaultConfigurationName = Release;
		};
		21F13AA91E97921C00CBBB94 /* Build configuration list for PBXNativeTarget "DesidimeApp" */ = {
			isa = XCConfigurationList;
			buildConfigurations = (
				21F13AAA1E97921C00CBBB94 /* Debug */,
				21F13AAB1E97921C00CBBB94 /* Release */,
			);
			defaultConfigurationIsVisible = 0;
		};
		21F13AAC1E97921C00CBBB94 /* Build configuration list for PBXNativeTarget "DesidimeAppTests" */ = {
			isa = XCConfigurationList;
			buildConfigurations = (
				21F13AAD1E97921C00CBBB94 /* Debug */,
				21F13AAE1E97921C00CBBB94 /* Release */,
			);
			defaultConfigurationIsVisible = 0;
		};
		21F13AAF1E97921C00CBBB94 /* Build configuration list for PBXNativeTarget "DesidimeAppUITests" */ = {
			isa = XCConfigurationList;
			buildConfigurations = (
				21F13AB01E97921C00CBBB94 /* Debug */,
				21F13AB11E97921C00CBBB94 /* Release */,
			);
			defaultConfigurationIsVisible = 0;
		};
/* End XCConfigurationList section */
	};
	rootObject = 21F13A791E97921C00CBBB94 /* Project object */;
}
